
Microsoft Visual Studio Solution File, Format Version 12.00
# Visual Studio 14
VisualStudioVersion = 14.0.25420.1
MinimumVisualStudioVersion = 10.0.40219.1
Project("{2150E333-8FDC-42A3-9474-1A3956D46DE8}") = "samples", "samples", "{097AD031-34AB-452B-814E-599F188BFF95}"
EndProject
Project("{2150E333-8FDC-42A3-9474-1A3956D46DE8}") = "Solution Items", "Solution Items", "{EA4BC802-E2C1-49F1-9C75-7F23B991E61C}"
	ProjectSection(SolutionItems) = preProject
		global.json = global.json
	EndProjectSection
EndProject
Project("{2150E333-8FDC-42A3-9474-1A3956D46DE8}") = "Config", "Config", "{EFBA536A-2709-40B7-A5B8-5FD598402142}"
EndProject
Project("{8BB2217D-0F2D-49D1-97BC-3654ED321F3B}") = "Config.SimpleConfiguration", "Config.SimpleConfiguration\Config.SimpleConfiguration.xproj", "{17D49F54-E277-496F-BDAF-9E4BEA5E7039}"
EndProject
Project("{8BB2217D-0F2D-49D1-97BC-3654ED321F3B}") = "Config.UsingOptions", "Config.UsingOptions\Config.UsingOptions.xproj", "{6C264E38-BD2E-454E-9B97-C476550A4F37}"
EndProject
Project("{8BB2217D-0F2D-49D1-97BC-3654ED321F3B}") = "Config.OptionsSnapshot", "Config.OptionsSnapshot\Config.OptionsSnapshot.xproj", "{C7708AA6-5680-4FD3-98FC-201F0A2A2D2C}"
EndProject
Project("{8BB2217D-0F2D-49D1-97BC-3654ED321F3B}") = "Config.InMemory", "Config.InMemory\Config.InMemory.xproj", "{4080F05B-4DEA-499D-AB5B-2820915EED5E}"
EndProject
Project("{8BB2217D-0F2D-49D1-97BC-3654ED321F3B}") = "Config.BindToObjectGraph", "Config.BindToObjectGraph\Config.BindToObjectGraph.xproj", "{A3595A86-2293-4390-8D61-514BDD8FDAF1}"
EndProject
Project("{2150E333-8FDC-42A3-9474-1A3956D46DE8}") = "test", "test", "{D43EBC21-87C9-47F2-8799-C66B37FD1857}"
EndProject
Project("{8BB2217D-0F2D-49D1-97BC-3654ED321F3B}") = "Testing", "Testing\Testing.xproj", "{79BE9E0C-6D78-47F3-8B6A-A1E498F4425A}"
EndProject
Project("{2150E333-8FDC-42A3-9474-1A3956D46DE8}") = "Builder", "Builder", "{ECBE24B8-8D71-47A1-833F-13CFF0F873C3}"
EndProject
Project("{8BB2217D-0F2D-49D1-97BC-3654ED321F3B}") = "Builder.HelloWorld.Web", "Builder.HelloWorld.Web\Builder.HelloWorld.Web.xproj", "{70A3ABF2-8AF2-4DAA-990A-D0DD832F920B}"
EndProject
Project("{8BB2217D-0F2D-49D1-97BC-3654ED321F3B}") = "Builder.Filtering.Web", "Builder.Filtering.Web\Builder.Filtering.Web.xproj", "{D8D98D13-871A-4596-8800-952AF5289A17}"
EndProject
Project("{8BB2217D-0F2D-49D1-97BC-3654ED321F3B}") = "Builder.Middleware.Web", "Builder.Middleware.Web\Builder.Middleware.Web.xproj", "{87D67B15-9B07-4D03-8539-1BE4BC843652}"
EndProject
Project("{8BB2217D-0F2D-49D1-97BC-3654ED321F3B}") = "Config.CustomConfigurationProvider.EF", "Config.CustomConfigurationProvider.EF\Config.CustomConfigurationProvider.EF.xproj", "{5446CF95-87F6-4E09-8A29-1D2E2711F19D}"
EndProject
Project("{8BB2217D-0F2D-49D1-97BC-3654ED321F3B}") = "Config.CommandLineConfigurationProvider", "Config.CommandLineConfigurationProvider\Config.CommandLineConfigurationProvider.xproj", "{8C61F72D-0C99-4F86-90DC-751274409AB4}"
EndProject
Project("{8BB2217D-0F2D-49D1-97BC-3654ED321F3B}") = "Config.CustomConfigurationProvider.Sample", "Config.CustomConfigurationProvider.Sample\Config.CustomConfigurationProvider.Sample.xproj", "{13681331-3886-4B97-A536-F52A36605573}"
EndProject
Project("{8BB2217D-0F2D-49D1-97BC-3654ED321F3B}") = "Config.CustomProvider.Web", "Config.CustomProvider.Web\Config.CustomProvider.Web.xproj", "{DB2803DC-091F-4358-AC39-C74D1767A050}"
EndProject
Project("{8BB2217D-0F2D-49D1-97BC-3654ED321F3B}") = "Config.WalkingValues.Web", "Config.WalkingValues.Web\Config.WalkingValues.Web.xproj", "{C41B289A-29AE-440A-9293-ECFDBD969423}"
EndProject
Project("{8BB2217D-0F2D-49D1-97BC-3654ED321F3B}") = "Config.SettingObject.Web", "Config.SettingObject.Web\Config.SettingObject.Web.xproj", "{39F1A862-6FA5-4873-BD42-D6B0351134BE}"
EndProject
Project("{8BB2217D-0F2D-49D1-97BC-3654ED321F3B}") = "Config.Provider.Web", "Config.Provider.Web\Config.Provider.Web.xproj", "{3718C3F0-287C-4B73-ABD2-930729DF2AED}"
EndProject
Project("{2150E333-8FDC-42A3-9474-1A3956D46DE8}") = "Container", "Container", "{2949C4A0-06B8-4390-93C2-3929CCE9FBE5}"
EndProject
Project("{8BB2217D-0F2D-49D1-97BC-3654ED321F3B}") = "Container.Fallback.Web", "Container.Fallback.Web\Container.Fallback.Web.xproj", "{47130693-A8E1-4955-ACB0-1A152842FA1D}"
EndProject
Project("{2150E333-8FDC-42A3-9474-1A3956D46DE8}") = "Data", "Data", "{D97A46FA-3483-4583-A444-97770ABEDE00}"
EndProject
Project("{8BB2217D-0F2D-49D1-97BC-3654ED321F3B}") = "Data.InMemory", "Data.InMemory\Data.InMemory.xproj", "{420B1DB4-E80C-41A9-9701-A51D7226E0EC}"
EndProject
Project("{8BB2217D-0F2D-49D1-97BC-3654ED321F3B}") = "Data.SqlServer", "Data.SqlServer\Data.SqlServer.xproj", "{245AEEC6-A3D2-4D13-9B2A-B53B1CE3A5B4}"
EndProject
Project("{2150E333-8FDC-42A3-9474-1A3956D46DE8}") = "Runtime", "Runtime", "{9E2BBAF0-B230-44D7-B6B0-D7D6494965D5}"
EndProject
Project("{8BB2217D-0F2D-49D1-97BC-3654ED321F3B}") = "Runtime.ApplicationEnvironment", "Runtime.ApplicationEnvironment\Runtime.ApplicationEnvironment.xproj", "{93769E4C-5B10-4F09-9311-65B7F3CEDEB5}"
EndProject
Project("{2150E333-8FDC-42A3-9474-1A3956D46DE8}") = "Error", "Error", "{A1E66339-F1B6-487C-B1C8-27520A388A27}"
EndProject
Project("{8BB2217D-0F2D-49D1-97BC-3654ED321F3B}") = "Error.DeveloperExceptionPage", "Error.DeveloperExceptionPage\Error.DeveloperExceptionPage.xproj", "{B9FA2B1C-CFDD-4DC4-91C8-C0AFB50A435E}"
EndProject
Project("{2150E333-8FDC-42A3-9474-1A3956D46DE8}") = "Localization", "Localization", "{9D0182A5-7BD4-4F83-B03D-AFCDD668DA84}"
EndProject
Project("{8BB2217D-0F2D-49D1-97BC-3654ED321F3B}") = "Localization.StarterWeb", "Localization.StarterWeb\Localization.StarterWeb.xproj", "{B8084304-EF24-42C8-A135-C1278AE57E9D}"
EndProject
Global
	GlobalSection(SolutionConfigurationPlatforms) = preSolution
		Debug|Any CPU = Debug|Any CPU
		Release|Any CPU = Release|Any CPU
	EndGlobalSection
	GlobalSection(ProjectConfigurationPlatforms) = postSolution
		{17D49F54-E277-496F-BDAF-9E4BEA5E7039}.Debug|Any CPU.ActiveCfg = Debug|Any CPU
		{17D49F54-E277-496F-BDAF-9E4BEA5E7039}.Debug|Any CPU.Build.0 = Debug|Any CPU
		{17D49F54-E277-496F-BDAF-9E4BEA5E7039}.Release|Any CPU.ActiveCfg = Release|Any CPU
		{17D49F54-E277-496F-BDAF-9E4BEA5E7039}.Release|Any CPU.Build.0 = Release|Any CPU
		{6C264E38-BD2E-454E-9B97-C476550A4F37}.Debug|Any CPU.ActiveCfg = Debug|Any CPU
		{6C264E38-BD2E-454E-9B97-C476550A4F37}.Debug|Any CPU.Build.0 = Debug|Any CPU
		{6C264E38-BD2E-454E-9B97-C476550A4F37}.Release|Any CPU.ActiveCfg = Release|Any CPU
		{6C264E38-BD2E-454E-9B97-C476550A4F37}.Release|Any CPU.Build.0 = Release|Any CPU
		{C7708AA6-5680-4FD3-98FC-201F0A2A2D2C}.Debug|Any CPU.ActiveCfg = Debug|Any CPU
		{C7708AA6-5680-4FD3-98FC-201F0A2A2D2C}.Debug|Any CPU.Build.0 = Debug|Any CPU
		{C7708AA6-5680-4FD3-98FC-201F0A2A2D2C}.Release|Any CPU.ActiveCfg = Release|Any CPU
		{C7708AA6-5680-4FD3-98FC-201F0A2A2D2C}.Release|Any CPU.Build.0 = Release|Any CPU
		{4080F05B-4DEA-499D-AB5B-2820915EED5E}.Debug|Any CPU.ActiveCfg = Debug|Any CPU
		{4080F05B-4DEA-499D-AB5B-2820915EED5E}.Debug|Any CPU.Build.0 = Debug|Any CPU
		{4080F05B-4DEA-499D-AB5B-2820915EED5E}.Release|Any CPU.ActiveCfg = Release|Any CPU
		{4080F05B-4DEA-499D-AB5B-2820915EED5E}.Release|Any CPU.Build.0 = Release|Any CPU
		{A3595A86-2293-4390-8D61-514BDD8FDAF1}.Debug|Any CPU.ActiveCfg = Debug|Any CPU
		{A3595A86-2293-4390-8D61-514BDD8FDAF1}.Debug|Any CPU.Build.0 = Debug|Any CPU
		{A3595A86-2293-4390-8D61-514BDD8FDAF1}.Release|Any CPU.ActiveCfg = Release|Any CPU
		{A3595A86-2293-4390-8D61-514BDD8FDAF1}.Release|Any CPU.Build.0 = Release|Any CPU
		{79BE9E0C-6D78-47F3-8B6A-A1E498F4425A}.Debug|Any CPU.ActiveCfg = Debug|Any CPU
		{79BE9E0C-6D78-47F3-8B6A-A1E498F4425A}.Debug|Any CPU.Build.0 = Debug|Any CPU
		{79BE9E0C-6D78-47F3-8B6A-A1E498F4425A}.Release|Any CPU.ActiveCfg = Release|Any CPU
		{79BE9E0C-6D78-47F3-8B6A-A1E498F4425A}.Release|Any CPU.Build.0 = Release|Any CPU
		{70A3ABF2-8AF2-4DAA-990A-D0DD832F920B}.Debug|Any CPU.ActiveCfg = Debug|Any CPU
		{70A3ABF2-8AF2-4DAA-990A-D0DD832F920B}.Debug|Any CPU.Build.0 = Debug|Any CPU
		{70A3ABF2-8AF2-4DAA-990A-D0DD832F920B}.Release|Any CPU.ActiveCfg = Release|Any CPU
		{70A3ABF2-8AF2-4DAA-990A-D0DD832F920B}.Release|Any CPU.Build.0 = Release|Any CPU
		{D8D98D13-871A-4596-8800-952AF5289A17}.Debug|Any CPU.ActiveCfg = Debug|Any CPU
		{D8D98D13-871A-4596-8800-952AF5289A17}.Debug|Any CPU.Build.0 = Debug|Any CPU
		{D8D98D13-871A-4596-8800-952AF5289A17}.Release|Any CPU.ActiveCfg = Release|Any CPU
		{D8D98D13-871A-4596-8800-952AF5289A17}.Release|Any CPU.Build.0 = Release|Any CPU
		{87D67B15-9B07-4D03-8539-1BE4BC843652}.Debug|Any CPU.ActiveCfg = Debug|Any CPU
		{87D67B15-9B07-4D03-8539-1BE4BC843652}.Debug|Any CPU.Build.0 = Debug|Any CPU
		{87D67B15-9B07-4D03-8539-1BE4BC843652}.Release|Any CPU.ActiveCfg = Release|Any CPU
		{87D67B15-9B07-4D03-8539-1BE4BC843652}.Release|Any CPU.Build.0 = Release|Any CPU
		{5446CF95-87F6-4E09-8A29-1D2E2711F19D}.Debug|Any CPU.ActiveCfg = Debug|Any CPU
		{5446CF95-87F6-4E09-8A29-1D2E2711F19D}.Debug|Any CPU.Build.0 = Debug|Any CPU
		{5446CF95-87F6-4E09-8A29-1D2E2711F19D}.Release|Any CPU.ActiveCfg = Release|Any CPU
		{5446CF95-87F6-4E09-8A29-1D2E2711F19D}.Release|Any CPU.Build.0 = Release|Any CPU
		{8C61F72D-0C99-4F86-90DC-751274409AB4}.Debug|Any CPU.ActiveCfg = Debug|Any CPU
		{8C61F72D-0C99-4F86-90DC-751274409AB4}.Debug|Any CPU.Build.0 = Debug|Any CPU
		{8C61F72D-0C99-4F86-90DC-751274409AB4}.Release|Any CPU.ActiveCfg = Release|Any CPU
		{8C61F72D-0C99-4F86-90DC-751274409AB4}.Release|Any CPU.Build.0 = Release|Any CPU
		{13681331-3886-4B97-A536-F52A36605573}.Debug|Any CPU.ActiveCfg = Debug|Any CPU
		{13681331-3886-4B97-A536-F52A36605573}.Debug|Any CPU.Build.0 = Debug|Any CPU
		{13681331-3886-4B97-A536-F52A36605573}.Release|Any CPU.ActiveCfg = Release|Any CPU
		{13681331-3886-4B97-A536-F52A36605573}.Release|Any CPU.Build.0 = Release|Any CPU
		{DB2803DC-091F-4358-AC39-C74D1767A050}.Debug|Any CPU.ActiveCfg = Debug|Any CPU
		{DB2803DC-091F-4358-AC39-C74D1767A050}.Debug|Any CPU.Build.0 = Debug|Any CPU
		{DB2803DC-091F-4358-AC39-C74D1767A050}.Release|Any CPU.ActiveCfg = Release|Any CPU
		{DB2803DC-091F-4358-AC39-C74D1767A050}.Release|Any CPU.Build.0 = Release|Any CPU
		{C41B289A-29AE-440A-9293-ECFDBD969423}.Debug|Any CPU.ActiveCfg = Debug|Any CPU
		{C41B289A-29AE-440A-9293-ECFDBD969423}.Debug|Any CPU.Build.0 = Debug|Any CPU
		{C41B289A-29AE-440A-9293-ECFDBD969423}.Release|Any CPU.ActiveCfg = Release|Any CPU
		{C41B289A-29AE-440A-9293-ECFDBD969423}.Release|Any CPU.Build.0 = Release|Any CPU
		{39F1A862-6FA5-4873-BD42-D6B0351134BE}.Debug|Any CPU.ActiveCfg = Debug|Any CPU
		{39F1A862-6FA5-4873-BD42-D6B0351134BE}.Debug|Any CPU.Build.0 = Debug|Any CPU
		{39F1A862-6FA5-4873-BD42-D6B0351134BE}.Release|Any CPU.ActiveCfg = Release|Any CPU
		{39F1A862-6FA5-4873-BD42-D6B0351134BE}.Release|Any CPU.Build.0 = Release|Any CPU
		{3718C3F0-287C-4B73-ABD2-930729DF2AED}.Debug|Any CPU.ActiveCfg = Debug|Any CPU
		{3718C3F0-287C-4B73-ABD2-930729DF2AED}.Debug|Any CPU.Build.0 = Debug|Any CPU
		{3718C3F0-287C-4B73-ABD2-930729DF2AED}.Release|Any CPU.ActiveCfg = Release|Any CPU
		{3718C3F0-287C-4B73-ABD2-930729DF2AED}.Release|Any CPU.Build.0 = Release|Any CPU
		{47130693-A8E1-4955-ACB0-1A152842FA1D}.Debug|Any CPU.ActiveCfg = Debug|Any CPU
		{47130693-A8E1-4955-ACB0-1A152842FA1D}.Debug|Any CPU.Build.0 = Debug|Any CPU
		{47130693-A8E1-4955-ACB0-1A152842FA1D}.Release|Any CPU.ActiveCfg = Release|Any CPU
		{47130693-A8E1-4955-ACB0-1A152842FA1D}.Release|Any CPU.Build.0 = Release|Any CPU
		{420B1DB4-E80C-41A9-9701-A51D7226E0EC}.Debug|Any CPU.ActiveCfg = Debug|Any CPU
		{420B1DB4-E80C-41A9-9701-A51D7226E0EC}.Debug|Any CPU.Build.0 = Debug|Any CPU
		{420B1DB4-E80C-41A9-9701-A51D7226E0EC}.Release|Any CPU.ActiveCfg = Release|Any CPU
		{420B1DB4-E80C-41A9-9701-A51D7226E0EC}.Release|Any CPU.Build.0 = Release|Any CPU
		{245AEEC6-A3D2-4D13-9B2A-B53B1CE3A5B4}.Debug|Any CPU.ActiveCfg = Debug|Any CPU
		{245AEEC6-A3D2-4D13-9B2A-B53B1CE3A5B4}.Debug|Any CPU.Build.0 = Debug|Any CPU
		{245AEEC6-A3D2-4D13-9B2A-B53B1CE3A5B4}.Release|Any CPU.ActiveCfg = Release|Any CPU
		{245AEEC6-A3D2-4D13-9B2A-B53B1CE3A5B4}.Release|Any CPU.Build.0 = Release|Any CPU
		{93769E4C-5B10-4F09-9311-65B7F3CEDEB5}.Debug|Any CPU.ActiveCfg = Debug|Any CPU
		{93769E4C-5B10-4F09-9311-65B7F3CEDEB5}.Debug|Any CPU.Build.0 = Debug|Any CPU
		{93769E4C-5B10-4F09-9311-65B7F3CEDEB5}.Release|Any CPU.ActiveCfg = Release|Any CPU
		{93769E4C-5B10-4F09-9311-65B7F3CEDEB5}.Release|Any CPU.Build.0 = Release|Any CPU
		{B9FA2B1C-CFDD-4DC4-91C8-C0AFB50A435E}.Debug|Any CPU.ActiveCfg = Debug|Any CPU
		{B9FA2B1C-CFDD-4DC4-91C8-C0AFB50A435E}.Debug|Any CPU.Build.0 = Debug|Any CPU
		{B9FA2B1C-CFDD-4DC4-91C8-C0AFB50A435E}.Release|Any CPU.ActiveCfg = Release|Any CPU
		{B9FA2B1C-CFDD-4DC4-91C8-C0AFB50A435E}.Release|Any CPU.Build.0 = Release|Any CPU
		{B8084304-EF24-42C8-A135-C1278AE57E9D}.Debug|Any CPU.ActiveCfg = Debug|Any CPU
		{B8084304-EF24-42C8-A135-C1278AE57E9D}.Debug|Any CPU.Build.0 = Debug|Any CPU
		{B8084304-EF24-42C8-A135-C1278AE57E9D}.Release|Any CPU.ActiveCfg = Release|Any CPU
		{B8084304-EF24-42C8-A135-C1278AE57E9D}.Release|Any CPU.Build.0 = Release|Any CPU
	EndGlobalSection
	GlobalSection(SolutionProperties) = preSolution
		HideSolutionNode = FALSE
	EndGlobalSection
	GlobalSection(NestedProjects) = preSolution
		{EFBA536A-2709-40B7-A5B8-5FD598402142} = {097AD031-34AB-452B-814E-599F188BFF95}
		{17D49F54-E277-496F-BDAF-9E4BEA5E7039} = {EFBA536A-2709-40B7-A5B8-5FD598402142}
		{6C264E38-BD2E-454E-9B97-C476550A4F37} = {EFBA536A-2709-40B7-A5B8-5FD598402142}
		{C7708AA6-5680-4FD3-98FC-201F0A2A2D2C} = {EFBA536A-2709-40B7-A5B8-5FD598402142}
		{4080F05B-4DEA-499D-AB5B-2820915EED5E} = {EFBA536A-2709-40B7-A5B8-5FD598402142}
		{A3595A86-2293-4390-8D61-514BDD8FDAF1} = {EFBA536A-2709-40B7-A5B8-5FD598402142}
		{79BE9E0C-6D78-47F3-8B6A-A1E498F4425A} = {D43EBC21-87C9-47F2-8799-C66B37FD1857}
		{ECBE24B8-8D71-47A1-833F-13CFF0F873C3} = {097AD031-34AB-452B-814E-599F188BFF95}
		{70A3ABF2-8AF2-4DAA-990A-D0DD832F920B} = {ECBE24B8-8D71-47A1-833F-13CFF0F873C3}
		{D8D98D13-871A-4596-8800-952AF5289A17} = {ECBE24B8-8D71-47A1-833F-13CFF0F873C3}
		{87D67B15-9B07-4D03-8539-1BE4BC843652} = {ECBE24B8-8D71-47A1-833F-13CFF0F873C3}
		{5446CF95-87F6-4E09-8A29-1D2E2711F19D} = {EFBA536A-2709-40B7-A5B8-5FD598402142}
		{8C61F72D-0C99-4F86-90DC-751274409AB4} = {EFBA536A-2709-40B7-A5B8-5FD598402142}
		{13681331-3886-4B97-A536-F52A36605573} = {EFBA536A-2709-40B7-A5B8-5FD598402142}
		{DB2803DC-091F-4358-AC39-C74D1767A050} = {EFBA536A-2709-40B7-A5B8-5FD598402142}
		{C41B289A-29AE-440A-9293-ECFDBD969423} = {EFBA536A-2709-40B7-A5B8-5FD598402142}
		{39F1A862-6FA5-4873-BD42-D6B0351134BE} = {EFBA536A-2709-40B7-A5B8-5FD598402142}
		{3718C3F0-287C-4B73-ABD2-930729DF2AED} = {EFBA536A-2709-40B7-A5B8-5FD598402142}
		{2949C4A0-06B8-4390-93C2-3929CCE9FBE5} = {097AD031-34AB-452B-814E-599F188BFF95}
		{47130693-A8E1-4955-ACB0-1A152842FA1D} = {2949C4A0-06B8-4390-93C2-3929CCE9FBE5}
		{D97A46FA-3483-4583-A444-97770ABEDE00} = {097AD031-34AB-452B-814E-599F188BFF95}
		{420B1DB4-E80C-41A9-9701-A51D7226E0EC} = {D97A46FA-3483-4583-A444-97770ABEDE00}
		{245AEEC6-A3D2-4D13-9B2A-B53B1CE3A5B4} = {D97A46FA-3483-4583-A444-97770ABEDE00}
		{9E2BBAF0-B230-44D7-B6B0-D7D6494965D5} = {097AD031-34AB-452B-814E-599F188BFF95}
		{93769E4C-5B10-4F09-9311-65B7F3CEDEB5} = {9E2BBAF0-B230-44D7-B6B0-D7D6494965D5}
		{A1E66339-F1B6-487C-B1C8-27520A388A27} = {097AD031-34AB-452B-814E-599F188BFF95}
		{B9FA2B1C-CFDD-4DC4-91C8-C0AFB50A435E} = {A1E66339-F1B6-487C-B1C8-27520A388A27}
		{9D0182A5-7BD4-4F83-B03D-AFCDD668DA84} = {097AD031-34AB-452B-814E-599F188BFF95}
		{B8084304-EF24-42C8-A135-C1278AE57E9D} = {9D0182A5-7BD4-4F83-B03D-AFCDD668DA84}
	EndGlobalSection
EndGlobal
